
Microsoft Visual Studio Solution File, Format Version 12.00
# Visual Studio Version 17
VisualStudioVersion = 17.1.32319.34
MinimumVisualStudioVersion = 10.0.40219.1
Project("{9A19103F-16F7-4668-BE54-9A1E7A4F7556}") = "AzureBlobProject", "AzureBlobProject\AzureBlobProject.csproj", "{46C7A67B-7DF8-4CB3-B29C-9ABF6E1C7A59}"
EndProject
Project("{9A19103F-16F7-4668-BE54-9A1E7A4F7556}") = "AzureFunctionTangyWeb", "AzureFunctionTangyWeb\AzureFunctionTangyWeb.csproj", "{2F4D4516-CE4B-4A41-A54C-A836086C002F}"
EndProject
Project("{FAE04EC0-301F-11D3-BF4B-00C04F79EFBC}") = "AzureTangyFunc", "AzureTangyFunc\AzureTangyFunc.csproj", "{BD498E06-64D1-43BC-8CA3-82426C4BF7A0}"
EndProject
Global
	GlobalSection(SolutionConfigurationPlatforms) = preSolution
		Debug|Any CPU = Debug|Any CPU
		Release|Any CPU = Release|Any CPU
	EndGlobalSection
	GlobalSection(ProjectConfigurationPlatforms) = postSolution
		{46C7A67B-7DF8-4CB3-B29C-9ABF6E1C7A59}.Debug|Any CPU.ActiveCfg = Debug|Any CPU
		{46C7A67B-7DF8-4CB3-B29C-9ABF6E1C7A59}.Debug|Any CPU.Build.0 = Debug|Any CPU
		{46C7A67B-7DF8-4CB3-B29C-9ABF6E1C7A59}.Release|Any CPU.ActiveCfg = Release|Any CPU
		{46C7A67B-7DF8-4CB3-B29C-9ABF6E1C7A59}.Release|Any CPU.Build.0 = Release|Any CPU
		{2F4D4516-CE4B-4A41-A54C-A836086C002F}.Debug|Any CPU.ActiveCfg = Debug|Any CPU
		{2F4D4516-CE4B-4A41-A54C-A836086C002F}.Debug|Any CPU.Build.0 = Debug|Any CPU
		{2F4D4516-CE4B-4A41-A54C-A836086C002F}.Release|Any CPU.ActiveCfg = Release|Any CPU
		{2F4D4516-CE4B-4A41-A54C-A836086C002F}.Release|Any CPU.Build.0 = Release|Any CPU
		{BD498E06-64D1-43BC-8CA3-82426C4BF7A0}.Debug|Any CPU.ActiveCfg = Debug|Any CPU
		{BD498E06-64D1-43BC-8CA3-82426C4BF7A0}.Debug|Any CPU.Build.0 = Debug|Any CPU
		{BD498E06-64D1-43BC-8CA3-82426C4BF7A0}.Release|Any CPU.ActiveCfg = Release|Any CPU
		{BD498E06-64D1-43BC-8CA3-82426C4BF7A0}.Release|Any CPU.Build.0 = Release|Any CPU
	EndGlobalSection
	GlobalSection(SolutionProperties) = preSolution
		HideSolutionNode = FALSE
	EndGlobalSection
	GlobalSection(ExtensibilityGlobals) = postSolution
		SolutionGuid = {5BE1C000-EE4C-4D54-8036-81B68F983BE5}
	EndGlobalSection
EndGlobal
